
Microsoft Visual Studio Solution File, Format Version 12.00
# Visual Studio Version 16
VisualStudioVersion = 16.0.32228.343
MinimumVisualStudioVersion = 10.0.40219.1
Project("{8BC9CEB8-8B4A-11D0-8D11-00A0C91BC942}") = "Day_01", "Day_01\Day_01.vcxproj", "{10CA5B5F-B20D-4EBA-A9E4-C4AB38653F55}"
EndProject
Project("{8BC9CEB8-8B4A-11D0-8D11-00A0C91BC942}") = "Day_01_Bonus", "Day_01_Bonus\Day_01_Bonus.vcxproj", "{7A918580-88FC-4114-AD60-112424945947}"
EndProject
Project("{8BC9CEB8-8B4A-11D0-8D11-00A0C91BC942}") = "Day_02", "Day_02\Day_02.vcxproj", "{35A57FA0-A824-448D-ACEB-01491B2A3065}"
EndProject
Project("{8BC9CEB8-8B4A-11D0-8D11-00A0C91BC942}") = "Day_02_Bonus", "Day_02_Bonus\Day_02_Bonus.vcxproj", "{968218DE-EDEC-4109-9625-35CCEF48FDE5}"
EndProject
Project("{8BC9CEB8-8B4A-11D0-8D11-00A0C91BC942}") = "Day_03", "Day_03\Day_03.vcxproj", "{9D6BEA35-9200-4652-AEFF-A63EC777ED94}"
EndProject
Project("{8BC9CEB8-8B4A-11D0-8D11-00A0C91BC942}") = "Day_03_Bonus", "Day_03_Bonus\Day_03_Bonus.vcxproj", "{DBE29D3F-7427-4C34-867E-6E30A00472DE}"
EndProject
Project("{8BC9CEB8-8B4A-11D0-8D11-00A0C91BC942}") = "Day_04", "Day_04\Day_04.vcxproj", "{8CAAF770-C052-4F6C-B297-5B8764305E1B}"
EndProject
Project("{8BC9CEB8-8B4A-11D0-8D11-00A0C91BC942}") = "Day_04_Bonus", "Day_04_Bonus\Day_04_Bonus.vcxproj", "{DAC5CAF4-0047-445F-B314-DCB4DDEC5438}"
EndProject
Project("{8BC9CEB8-8B4A-11D0-8D11-00A0C91BC942}") = "Day_05", "Day_05\Day_05.vcxproj", "{8765A8C0-594F-4ECF-A0C7-D78DE731903C}"
EndProject
Project("{8BC9CEB8-8B4A-11D0-8D11-00A0C91BC942}") = "Day_05_Bonus", "Day_05_Bonus\Day_05_Bonus.vcxproj", "{35DE3EA4-C0B3-419D-B56F-6F038005DCE7}"
EndProject
Project("{8BC9CEB8-8B4A-11D0-8D11-00A0C91BC942}") = "Day_06", "Day_06\Day_06.vcxproj", "{C8A1CDD5-7234-4B5A-84CB-A3F809499E6F}"
EndProject
Project("{8BC9CEB8-8B4A-11D0-8D11-00A0C91BC942}") = "Day_06_Bonus", "Day_06_Bonus\Day_06_Bonus.vcxproj", "{EB0DF1CA-6FDE-454F-B77E-24A41E8F3D7D}"
EndProject
Project("{8BC9CEB8-8B4A-11D0-8D11-00A0C91BC942}") = "Day_07", "Day_07\Day_07.vcxproj", "{369E5E2F-2F8C-4EFC-AD5D-697FA3F3F67D}"
EndProject
Project("{8BC9CEB8-8B4A-11D0-8D11-00A0C91BC942}") = "Day_07_Bonus", "Day_07_Bonus\Day_07_Bonus.vcxproj", "{0EE884DC-340D-4213-A733-C8B3403A970B}"
EndProject
Project("{8BC9CEB8-8B4A-11D0-8D11-00A0C91BC942}") = "Day_08", "Day_08\Day_08.vcxproj", "{E7F2EF80-51EE-4DF5-87D7-74B21C0CBF51}"
EndProject
Project("{8BC9CEB8-8B4A-11D0-8D11-00A0C91BC942}") = "Day_08_Bonus", "Day_08_Bonus\Day_08_Bonus.vcxproj", "{4F10785F-8F27-45B9-8BFE-37060C9F7755}"
EndProject
Global
	GlobalSection(SolutionConfigurationPlatforms) = preSolution
		Debug|x64 = Debug|x64
		Debug|x86 = Debug|x86
		Release|x64 = Release|x64
		Release|x86 = Release|x86
	EndGlobalSection
	GlobalSection(ProjectConfigurationPlatforms) = postSolution
		{10CA5B5F-B20D-4EBA-A9E4-C4AB38653F55}.Debug|x64.ActiveCfg = Debug|x64
		{10CA5B5F-B20D-4EBA-A9E4-C4AB38653F55}.Debug|x64.Build.0 = Debug|x64
		{10CA5B5F-B20D-4EBA-A9E4-C4AB38653F55}.Debug|x86.ActiveCfg = Debug|Win32
		{10CA5B5F-B20D-4EBA-A9E4-C4AB38653F55}.Debug|x86.Build.0 = Debug|Win32
		{10CA5B5F-B20D-4EBA-A9E4-C4AB38653F55}.Release|x64.ActiveCfg = Release|x64
		{10CA5B5F-B20D-4EBA-A9E4-C4AB38653F55}.Release|x64.Build.0 = Release|x64
		{10CA5B5F-B20D-4EBA-A9E4-C4AB38653F55}.Release|x86.ActiveCfg = Release|Win32
		{10CA5B5F-B20D-4EBA-A9E4-C4AB38653F55}.Release|x86.Build.0 = Release|Win32
		{7A918580-88FC-4114-AD60-112424945947}.Debug|x64.ActiveCfg = Debug|x64
		{7A918580-88FC-4114-AD60-112424945947}.Debug|x64.Build.0 = Debug|x64
		{7A918580-88FC-4114-AD60-112424945947}.Debug|x86.ActiveCfg = Debug|Win32
		{7A918580-88FC-4114-AD60-112424945947}.Debug|x86.Build.0 = Debug|Win32
		{7A918580-88FC-4114-AD60-112424945947}.Release|x64.ActiveCfg = Release|x64
		{7A918580-88FC-4114-AD60-112424945947}.Release|x64.Build.0 = Release|x64
		{7A918580-88FC-4114-AD60-112424945947}.Release|x86.ActiveCfg = Release|Win32
		{7A918580-88FC-4114-AD60-112424945947}.Release|x86.Build.0 = Release|Win32
		{35A57FA0-A824-448D-ACEB-01491B2A3065}.Debug|x64.ActiveCfg = Debug|x64
		{35A57FA0-A824-448D-ACEB-01491B2A3065}.Debug|x64.Build.0 = Debug|x64
		{35A57FA0-A824-448D-ACEB-01491B2A3065}.Debug|x86.ActiveCfg = Debug|Win32
		{35A57FA0-A824-448D-ACEB-01491B2A3065}.Debug|x86.Build.0 = Debug|Win32
		{35A57FA0-A824-448D-ACEB-01491B2A3065}.Release|x64.ActiveCfg = Release|x64
		{35A57FA0-A824-448D-ACEB-01491B2A3065}.Release|x64.Build.0 = Release|x64
		{35A57FA0-A824-448D-ACEB-01491B2A3065}.Release|x86.ActiveCfg = Release|Win32
		{35A57FA0-A824-448D-ACEB-01491B2A3065}.Release|x86.Build.0 = Release|Win32
		{968218DE-EDEC-4109-9625-35CCEF48FDE5}.Debug|x64.ActiveCfg = Debug|x64
		{968218DE-EDEC-4109-9625-35CCEF48FDE5}.Debug|x64.Build.0 = Debug|x64
		{968218DE-EDEC-4109-9625-35CCEF48FDE5}.Debug|x86.ActiveCfg = Debug|Win32
		{968218DE-EDEC-4109-9625-35CCEF48FDE5}.Debug|x86.Build.0 = Debug|Win32
		{968218DE-EDEC-4109-9625-35CCEF48FDE5}.Release|x64.ActiveCfg = Release|x64
		{968218DE-EDEC-4109-9625-35CCEF48FDE5}.Release|x64.Build.0 = Release|x64
		{968218DE-EDEC-4109-9625-35CCEF48FDE5}.Release|x86.ActiveCfg = Release|Win32
		{968218DE-EDEC-4109-9625-35CCEF48FDE5}.Release|x86.Build.0 = Release|Win32
		{9D6BEA35-9200-4652-AEFF-A63EC777ED94}.Debug|x64.ActiveCfg = Debug|x64
		{9D6BEA35-9200-4652-AEFF-A63EC777ED94}.Debug|x64.Build.0 = Debug|x64
		{9D6BEA35-9200-4652-AEFF-A63EC777ED94}.Debug|x86.ActiveCfg = Debug|Win32
		{9D6BEA35-9200-4652-AEFF-A63EC777ED94}.Debug|x86.Build.0 = Debug|Win32
		{9D6BEA35-9200-4652-AEFF-A63EC777ED94}.Release|x64.ActiveCfg = Release|x64
		{9D6BEA35-9200-4652-AEFF-A63EC777ED94}.Release|x64.Build.0 = Release|x64
		{9D6BEA35-9200-4652-AEFF-A63EC777ED94}.Release|x86.ActiveCfg = Release|Win32
		{9D6BEA35-9200-4652-AEFF-A63EC777ED94}.Release|x86.Build.0 = Release|Win32
		{DBE29D3F-7427-4C34-867E-6E30A00472DE}.Debug|x64.ActiveCfg = Debug|x64
		{DBE29D3F-7427-4C34-867E-6E30A00472DE}.Debug|x64.Build.0 = Debug|x64
		{DBE29D3F-7427-4C34-867E-6E30A00472DE}.Debug|x86.ActiveCfg = Debug|Win32
		{DBE29D3F-7427-4C34-867E-6E30A00472DE}.Debug|x86.Build.0 = Debug|Win32
		{DBE29D3F-7427-4C34-867E-6E30A00472DE}.Release|x64.ActiveCfg = Release|x64
		{DBE29D3F-7427-4C34-867E-6E30A00472DE}.Release|x64.Build.0 = Release|x64
		{DBE29D3F-7427-4C34-867E-6E30A00472DE}.Release|x86.ActiveCfg = Release|Win32
		{DBE29D3F-7427-4C34-867E-6E30A00472DE}.Release|x86.Build.0 = Release|Win32
		{8CAAF770-C052-4F6C-B297-5B8764305E1B}.Debug|x64.ActiveCfg = Debug|x64
		{8CAAF770-C052-4F6C-B297-5B8764305E1B}.Debug|x64.Build.0 = Debug|x64
		{8CAAF770-C052-4F6C-B297-5B8764305E1B}.Debug|x86.ActiveCfg = Debug|Win32
		{8CAAF770-C052-4F6C-B297-5B8764305E1B}.Debug|x86.Build.0 = Debug|Win32
		{8CAAF770-C052-4F6C-B297-5B8764305E1B}.Release|x64.ActiveCfg = Release|x64
		{8CAAF770-C052-4F6C-B297-5B8764305E1B}.Release|x64.Build.0 = Release|x64
		{8CAAF770-C052-4F6C-B297-5B8764305E1B}.Release|x86.ActiveCfg = Release|Win32
		{8CAAF770-C052-4F6C-B297-5B8764305E1B}.Release|x86.Build.0 = Release|Win32
		{DAC5CAF4-0047-445F-B314-DCB4DDEC5438}.Debug|x64.ActiveCfg = Debug|x64
		{DAC5CAF4-0047-445F-B314-DCB4DDEC5438}.Debug|x64.Build.0 = Debug|x64
		{DAC5CAF4-0047-445F-B314-DCB4DDEC5438}.Debug|x86.ActiveCfg = Debug|Win32
		{DAC5CAF4-0047-445F-B314-DCB4DDEC5438}.Debug|x86.Build.0 = Debug|Win32
		{DAC5CAF4-0047-445F-B314-DCB4DDEC5438}.Release|x64.ActiveCfg = Release|x64
		{DAC5CAF4-0047-445F-B314-DCB4DDEC5438}.Release|x64.Build.0 = Release|x64
		{DAC5CAF4-0047-445F-B314-DCB4DDEC5438}.Release|x86.ActiveCfg = Release|Win32
		{DAC5CAF4-0047-445F-B314-DCB4DDEC5438}.Release|x86.Build.0 = Release|Win32
		{8765A8C0-594F-4ECF-A0C7-D78DE731903C}.Debug|x64.ActiveCfg = Debug|x64
		{8765A8C0-594F-4ECF-A0C7-D78DE731903C}.Debug|x64.Build.0 = Debug|x64
		{8765A8C0-594F-4ECF-A0C7-D78DE731903C}.Debug|x86.ActiveCfg = Debug|Win32
		{8765A8C0-594F-4ECF-A0C7-D78DE731903C}.Debug|x86.Build.0 = Debug|Win32
		{8765A8C0-594F-4ECF-A0C7-D78DE731903C}.Release|x64.ActiveCfg = Release|x64
		{8765A8C0-594F-4ECF-A0C7-D78DE731903C}.Release|x64.Build.0 = Release|x64
		{8765A8C0-594F-4ECF-A0C7-D78DE731903C}.Release|x86.ActiveCfg = Release|Win32
		{8765A8C0-594F-4ECF-A0C7-D78DE731903C}.Release|x86.Build.0 = Release|Win32
		{35DE3EA4-C0B3-419D-B56F-6F038005DCE7}.Debug|x64.ActiveCfg = Debug|x64
		{35DE3EA4-C0B3-419D-B56F-6F038005DCE7}.Debug|x64.Build.0 = Debug|x64
		{35DE3EA4-C0B3-419D-B56F-6F038005DCE7}.Debug|x86.ActiveCfg = Debug|Win32
		{35DE3EA4-C0B3-419D-B56F-6F038005DCE7}.Debug|x86.Build.0 = Debug|Win32
		{35DE3EA4-C0B3-419D-B56F-6F038005DCE7}.Release|x64.ActiveCfg = Release|x64
		{35DE3EA4-C0B3-419D-B56F-6F038005DCE7}.Release|x64.Build.0 = Release|x64
		{35DE3EA4-C0B3-419D-B56F-6F038005DCE7}.Release|x86.ActiveCfg = Release|Win32
		{35DE3EA4-C0B3-419D-B56F-6F038005DCE7}.Release|x86.Build.0 = Release|Win32
		{C8A1CDD5-7234-4B5A-84CB-A3F809499E6F}.Debug|x64.ActiveCfg = Debug|x64
		{C8A1CDD5-7234-4B5A-84CB-A3F809499E6F}.Debug|x64.Build.0 = Debug|x64
		{C8A1CDD5-7234-4B5A-84CB-A3F809499E6F}.Debug|x86.ActiveCfg = Debug|Win32
		{C8A1CDD5-7234-4B5A-84CB-A3F809499E6F}.Debug|x86.Build.0 = Debug|Win32
		{C8A1CDD5-7234-4B5A-84CB-A3F809499E6F}.Release|x64.ActiveCfg = Release|x64
		{C8A1CDD5-7234-4B5A-84CB-A3F809499E6F}.Release|x64.Build.0 = Release|x64
		{C8A1CDD5-7234-4B5A-84CB-A3F809499E6F}.Release|x86.ActiveCfg = Release|Win32
		{C8A1CDD5-7234-4B5A-84CB-A3F809499E6F}.Release|x86.Build.0 = Release|Win32
		{EB0DF1CA-6FDE-454F-B77E-24A41E8F3D7D}.Debug|x64.ActiveCfg = Debug|x64
		{EB0DF1CA-6FDE-454F-B77E-24A41E8F3D7D}.Debug|x64.Build.0 = Debug|x64
		{EB0DF1CA-6FDE-454F-B77E-24A41E8F3D7D}.Debug|x86.ActiveCfg = Debug|Win32
		{EB0DF1CA-6FDE-454F-B77E-24A41E8F3D7D}.Debug|x86.Build.0 = Debug|Win32
		{EB0DF1CA-6FDE-454F-B77E-24A41E8F3D7D}.Release|x64.ActiveCfg = Release|x64
		{EB0DF1CA-6FDE-454F-B77E-24A41E8F3D7D}.Release|x64.Build.0 = Release|x64
		{EB0DF1CA-6FDE-454F-B77E-24A41E8F3D7D}.Release|x86.ActiveCfg = Release|Win32
		{EB0DF1CA-6FDE-454F-B77E-24A41E8F3D7D}.Release|x86.Build.0 = Release|Win32
		{369E5E2F-2F8C-4EFC-AD5D-697FA3F3F67D}.Debug|x64.ActiveCfg = Debug|x64
		{369E5E2F-2F8C-4EFC-AD5D-697FA3F3F67D}.Debug|x64.Build.0 = Debug|x64
		{369E5E2F-2F8C-4EFC-AD5D-697FA3F3F67D}.Debug|x86.ActiveCfg = Debug|Win32
		{369E5E2F-2F8C-4EFC-AD5D-697FA3F3F67D}.Debug|x86.Build.0 = Debug|Win32
		{369E5E2F-2F8C-4EFC-AD5D-697FA3F3F67D}.Release|x64.ActiveCfg = Release|x64
		{369E5E2F-2F8C-4EFC-AD5D-697FA3F3F67D}.Release|x64.Build.0 = Release|x64
		{369E5E2F-2F8C-4EFC-AD5D-697FA3F3F67D}.Release|x86.ActiveCfg = Release|Win32
		{369E5E2F-2F8C-4EFC-AD5D-697FA3F3F67D}.Release|x86.Build.0 = Release|Win32
		{0EE884DC-340D-4213-A733-C8B3403A970B}.Debug|x64.ActiveCfg = Debug|x64
		{0EE884DC-340D-4213-A733-C8B3403A970B}.Debug|x64.Build.0 = Debug|x64
		{0EE884DC-340D-4213-A733-C8B3403A970B}.Debug|x86.ActiveCfg = Debug|Win32
		{0EE884DC-340D-4213-A733-C8B3403A970B}.Debug|x86.Build.0 = Debug|Win32
		{0EE884DC-340D-4213-A733-C8B3403A970B}.Release|x64.ActiveCfg = Release|x64
		{0EE884DC-340D-4213-A733-C8B3403A970B}.Release|x64.Build.0 = Release|x64
		{0EE884DC-340D-4213-A733-C8B3403A970B}.Release|x86.ActiveCfg = Release|Win32
		{0EE884DC-340D-4213-A733-C8B3403A970B}.Release|x86.Build.0 = Release|Win32
		{E7F2EF80-51EE-4DF5-87D7-74B21C0CBF51}.Debug|x64.ActiveCfg = Debug|x64
		{E7F2EF80-51EE-4DF5-87D7-74B21C0CBF51}.Debug|x64.Build.0 = Debug|x64
		{E7F2EF80-51EE-4DF5-87D7-74B21C0CBF51}.Debug|x86.ActiveCfg = Debug|Win32
		{E7F2EF80-51EE-4DF5-87D7-74B21C0CBF51}.Debug|x86.Build.0 = Debug|Win32
		{E7F2EF80-51EE-4DF5-87D7-74B21C0CBF51}.Release|x64.ActiveCfg = Release|x64
		{E7F2EF80-51EE-4DF5-87D7-74B21C0CBF51}.Release|x64.Build.0 = Release|x64
		{E7F2EF80-51EE-4DF5-87D7-74B21C0CBF51}.Release|x86.ActiveCfg = Release|Win32
		{E7F2EF80-51EE-4DF5-87D7-74B21C0CBF51}.Release|x86.Build.0 = Release|Win32
		{4F10785F-8F27-45B9-8BFE-37060C9F7755}.Debug|x64.ActiveCfg = Debug|x64
		{4F10785F-8F27-45B9-8BFE-37060C9F7755}.Debug|x64.Build.0 = Debug|x64
		{4F10785F-8F27-45B9-8BFE-37060C9F7755}.Debug|x86.ActiveCfg = Debug|Win32
		{4F10785F-8F27-45B9-8BFE-37060C9F7755}.Debug|x86.Build.0 = Debug|Win32
		{4F10785F-8F27-45B9-8BFE-37060C9F7755}.Release|x64.ActiveCfg = Release|x64
		{4F10785F-8F27-45B9-8BFE-37060C9F7755}.Release|x64.Build.0 = Release|x64
		{4F10785F-8F27-45B9-8BFE-37060C9F7755}.Release|x86.ActiveCfg = Release|Win32
		{4F10785F-8F27-45B9-8BFE-37060C9F7755}.Release|x86.Build.0 = Release|Win32
	EndGlobalSection
	GlobalSection(SolutionProperties) = preSolution
		HideSolutionNode = FALSE
	EndGlobalSection
	GlobalSection(ExtensibilityGlobals) = postSolution
		SolutionGuid = {DFBBA270-3713-4F79-91EA-FB927F23A364}
	EndGlobalSection
EndGlobal
