
Microsoft Visual Studio Solution File, Format Version 12.00
# Visual Studio Version 16
VisualStudioVersion = 16.0.32228.343
MinimumVisualStudioVersion = 10.0.40219.1
Project("{8BC9CEB8-8B4A-11D0-8D11-00A0C91BC942}") = "Day_01", "Day_01\Day_01.vcxproj", "{DC77925A-5A81-41C6-A101-C3C97A884687}"
EndProject
Project("{8BC9CEB8-8B4A-11D0-8D11-00A0C91BC942}") = "Day_01_Bonus", "Day_01_Bonus\Day_01_Bonus.vcxproj", "{AC20E182-FFBF-4652-BFD2-1DA938B4AC4D}"
EndProject
Project("{8BC9CEB8-8B4A-11D0-8D11-00A0C91BC942}") = "Day_02", "Day_02\Day_02.vcxproj", "{5908E163-54A1-4DD7-8DA9-2B0D1CC1730D}"
EndProject
Project("{8BC9CEB8-8B4A-11D0-8D11-00A0C91BC942}") = "Day_02_Bonus", "Day_02_Bonus\Day_02_Bonus.vcxproj", "{23B4CE27-5AD7-46AD-A8FC-7D6FCACA6937}"
EndProject
Project("{8BC9CEB8-8B4A-11D0-8D11-00A0C91BC942}") = "Day_03", "Day_03\Day_03.vcxproj", "{773418C9-1290-4E6F-A43D-5F7185CC5BC4}"
EndProject
Project("{8BC9CEB8-8B4A-11D0-8D11-00A0C91BC942}") = "Day_03_Bonus", "Day_03_Bonus\Day_03_Bonus.vcxproj", "{D3AA6E67-D84E-4A97-A1F6-E13E2172E186}"
EndProject
Global
	GlobalSection(SolutionConfigurationPlatforms) = preSolution
		Debug|x64 = Debug|x64
		Debug|x86 = Debug|x86
		Release|x64 = Release|x64
		Release|x86 = Release|x86
	EndGlobalSection
	GlobalSection(ProjectConfigurationPlatforms) = postSolution
		{DC77925A-5A81-41C6-A101-C3C97A884687}.Debug|x64.ActiveCfg = Debug|x64
		{DC77925A-5A81-41C6-A101-C3C97A884687}.Debug|x64.Build.0 = Debug|x64
		{DC77925A-5A81-41C6-A101-C3C97A884687}.Debug|x86.ActiveCfg = Debug|Win32
		{DC77925A-5A81-41C6-A101-C3C97A884687}.Debug|x86.Build.0 = Debug|Win32
		{DC77925A-5A81-41C6-A101-C3C97A884687}.Release|x64.ActiveCfg = Release|x64
		{DC77925A-5A81-41C6-A101-C3C97A884687}.Release|x64.Build.0 = Release|x64
		{DC77925A-5A81-41C6-A101-C3C97A884687}.Release|x86.ActiveCfg = Release|Win32
		{DC77925A-5A81-41C6-A101-C3C97A884687}.Release|x86.Build.0 = Release|Win32
		{AC20E182-FFBF-4652-BFD2-1DA938B4AC4D}.Debug|x64.ActiveCfg = Debug|x64
		{AC20E182-FFBF-4652-BFD2-1DA938B4AC4D}.Debug|x64.Build.0 = Debug|x64
		{AC20E182-FFBF-4652-BFD2-1DA938B4AC4D}.Debug|x86.ActiveCfg = Debug|Win32
		{AC20E182-FFBF-4652-BFD2-1DA938B4AC4D}.Debug|x86.Build.0 = Debug|Win32
		{AC20E182-FFBF-4652-BFD2-1DA938B4AC4D}.Release|x64.ActiveCfg = Release|x64
		{AC20E182-FFBF-4652-BFD2-1DA938B4AC4D}.Release|x64.Build.0 = Release|x64
		{AC20E182-FFBF-4652-BFD2-1DA938B4AC4D}.Release|x86.ActiveCfg = Release|Win32
		{AC20E182-FFBF-4652-BFD2-1DA938B4AC4D}.Release|x86.Build.0 = Release|Win32
		{5908E163-54A1-4DD7-8DA9-2B0D1CC1730D}.Debug|x64.ActiveCfg = Debug|x64
		{5908E163-54A1-4DD7-8DA9-2B0D1CC1730D}.Debug|x64.Build.0 = Debug|x64
		{5908E163-54A1-4DD7-8DA9-2B0D1CC1730D}.Debug|x86.ActiveCfg = Debug|Win32
		{5908E163-54A1-4DD7-8DA9-2B0D1CC1730D}.Debug|x86.Build.0 = Debug|Win32
		{5908E163-54A1-4DD7-8DA9-2B0D1CC1730D}.Release|x64.ActiveCfg = Release|x64
		{5908E163-54A1-4DD7-8DA9-2B0D1CC1730D}.Release|x64.Build.0 = Release|x64
		{5908E163-54A1-4DD7-8DA9-2B0D1CC1730D}.Release|x86.ActiveCfg = Release|Win32
		{5908E163-54A1-4DD7-8DA9-2B0D1CC1730D}.Release|x86.Build.0 = Release|Win32
		{23B4CE27-5AD7-46AD-A8FC-7D6FCACA6937}.Debug|x64.ActiveCfg = Debug|x64
		{23B4CE27-5AD7-46AD-A8FC-7D6FCACA6937}.Debug|x64.Build.0 = Debug|x64
		{23B4CE27-5AD7-46AD-A8FC-7D6FCACA6937}.Debug|x86.ActiveCfg = Debug|Win32
		{23B4CE27-5AD7-46AD-A8FC-7D6FCACA6937}.Debug|x86.Build.0 = Debug|Win32
		{23B4CE27-5AD7-46AD-A8FC-7D6FCACA6937}.Release|x64.ActiveCfg = Release|x64
		{23B4CE27-5AD7-46AD-A8FC-7D6FCACA6937}.Release|x64.Build.0 = Release|x64
		{23B4CE27-5AD7-46AD-A8FC-7D6FCACA6937}.Release|x86.ActiveCfg = Release|Win32
		{23B4CE27-5AD7-46AD-A8FC-7D6FCACA6937}.Release|x86.Build.0 = Release|Win32
		{773418C9-1290-4E6F-A43D-5F7185CC5BC4}.Debug|x64.ActiveCfg = Debug|x64
		{773418C9-1290-4E6F-A43D-5F7185CC5BC4}.Debug|x64.Build.0 = Debug|x64
		{773418C9-1290-4E6F-A43D-5F7185CC5BC4}.Debug|x86.ActiveCfg = Debug|Win32
		{773418C9-1290-4E6F-A43D-5F7185CC5BC4}.Debug|x86.Build.0 = Debug|Win32
		{773418C9-1290-4E6F-A43D-5F7185CC5BC4}.Release|x64.ActiveCfg = Release|x64
		{773418C9-1290-4E6F-A43D-5F7185CC5BC4}.Release|x64.Build.0 = Release|x64
		{773418C9-1290-4E6F-A43D-5F7185CC5BC4}.Release|x86.ActiveCfg = Release|Win32
		{773418C9-1290-4E6F-A43D-5F7185CC5BC4}.Release|x86.Build.0 = Release|Win32
		{D3AA6E67-D84E-4A97-A1F6-E13E2172E186}.Debug|x64.ActiveCfg = Debug|x64
		{D3AA6E67-D84E-4A97-A1F6-E13E2172E186}.Debug|x64.Build.0 = Debug|x64
		{D3AA6E67-D84E-4A97-A1F6-E13E2172E186}.Debug|x86.ActiveCfg = Debug|Win32
		{D3AA6E67-D84E-4A97-A1F6-E13E2172E186}.Debug|x86.Build.0 = Debug|Win32
		{D3AA6E67-D84E-4A97-A1F6-E13E2172E186}.Release|x64.ActiveCfg = Release|x64
		{D3AA6E67-D84E-4A97-A1F6-E13E2172E186}.Release|x64.Build.0 = Release|x64
		{D3AA6E67-D84E-4A97-A1F6-E13E2172E186}.Release|x86.ActiveCfg = Release|Win32
		{D3AA6E67-D84E-4A97-A1F6-E13E2172E186}.Release|x86.Build.0 = Release|Win32
	EndGlobalSection
	GlobalSection(SolutionProperties) = preSolution
		HideSolutionNode = FALSE
	EndGlobalSection
	GlobalSection(ExtensibilityGlobals) = postSolution
		SolutionGuid = {E471E5C5-DCAF-490C-94FC-2575FB072070}
	EndGlobalSection
EndGlobal
