
Microsoft Visual Studio Solution File, Format Version 12.00
# Visual Studio Version 16
VisualStudioVersion = 16.0.32228.343
MinimumVisualStudioVersion = 10.0.40219.1
Project("{8BC9CEB8-8B4A-11D0-8D11-00A0C91BC942}") = "Day_01", "Day_01\Day_01.vcxproj", "{DC77925A-5A81-41C6-A101-C3C97A884687}"
EndProject
Project("{8BC9CEB8-8B4A-11D0-8D11-00A0C91BC942}") = "Day_01_Bonus", "Day_01_Bonus\Day_01_Bonus.vcxproj", "{AC20E182-FFBF-4652-BFD2-1DA938B4AC4D}"
EndProject
Project("{8BC9CEB8-8B4A-11D0-8D11-00A0C91BC942}") = "Day_02", "Day_02\Day_02.vcxproj", "{5908E163-54A1-4DD7-8DA9-2B0D1CC1730D}"
EndProject
Project("{8BC9CEB8-8B4A-11D0-8D11-00A0C91BC942}") = "Day_02_Bonus", "Day_02_Bonus\Day_02_Bonus.vcxproj", "{23B4CE27-5AD7-46AD-A8FC-7D6FCACA6937}"
EndProject
Project("{8BC9CEB8-8B4A-11D0-8D11-00A0C91BC942}") = "Day_03", "Day_03\Day_03.vcxproj", "{773418C9-1290-4E6F-A43D-5F7185CC5BC4}"
EndProject
Project("{8BC9CEB8-8B4A-11D0-8D11-00A0C91BC942}") = "Day_03_Bonus", "Day_03_Bonus\Day_03_Bonus.vcxproj", "{D3AA6E67-D84E-4A97-A1F6-E13E2172E186}"
EndProject
Project("{8BC9CEB8-8B4A-11D0-8D11-00A0C91BC942}") = "Day_04", "Day_04\Day_04.vcxproj", "{74AC77BC-221E-414D-BA9A-F875334E57B7}"
EndProject
Project("{8BC9CEB8-8B4A-11D0-8D11-00A0C91BC942}") = "Day_04_Bonus", "Day_04_Bonus\Day_04_Bonus.vcxproj", "{3496299F-0B01-4645-AFE2-3C59DB627F63}"
EndProject
Project("{8BC9CEB8-8B4A-11D0-8D11-00A0C91BC942}") = "Day_05", "Day_05\Day_05.vcxproj", "{BF7084C1-9BD3-44A4-9E4D-88D2433618EA}"
EndProject
Project("{8BC9CEB8-8B4A-11D0-8D11-00A0C91BC942}") = "Day_05_Bonus", "Day_05_Bonus\Day_05_Bonus.vcxproj", "{3E4D4A0F-1A4D-493A-B475-D8CA4D5B5C11}"
EndProject
Project("{8BC9CEB8-8B4A-11D0-8D11-00A0C91BC942}") = "Day_06", "Day_06\Day_06.vcxproj", "{125BABD9-4692-40F5-954B-2729D5713E4A}"
EndProject
Project("{8BC9CEB8-8B4A-11D0-8D11-00A0C91BC942}") = "Day_06_Bonus", "Day_06_Bonus\Day_06_Bonus.vcxproj", "{314E933F-7678-4CC2-AF38-B4D128E56A00}"
EndProject
Project("{8BC9CEB8-8B4A-11D0-8D11-00A0C91BC942}") = "Day_07", "Day_07\Day_07.vcxproj", "{5B28E264-B0DD-4300-AD01-506B48ABAB46}"
EndProject
Project("{8BC9CEB8-8B4A-11D0-8D11-00A0C91BC942}") = "Day_07_Bonus", "Day_07_Bonus\Day_07_Bonus.vcxproj", "{CFFE9D12-E2A0-443C-9FD6-44A9D1124D30}"
EndProject
Project("{8BC9CEB8-8B4A-11D0-8D11-00A0C91BC942}") = "Day_08", "Day_08\Day_08.vcxproj", "{CDB199ED-5678-41F4-BDCF-29DE938AAD0A}"
EndProject
Project("{8BC9CEB8-8B4A-11D0-8D11-00A0C91BC942}") = "Day_08_Bonus", "Day_08_Bonus\Day_08_Bonus.vcxproj", "{F5E371FB-848D-4B7A-9E9C-9CBC27BF8AD8}"
EndProject
Project("{8BC9CEB8-8B4A-11D0-8D11-00A0C91BC942}") = "Day_09", "Day_09\Day_09.vcxproj", "{F860AABB-CEA5-4FD0-9B6B-2312C2856E6F}"
EndProject
Project("{8BC9CEB8-8B4A-11D0-8D11-00A0C91BC942}") = "Day_09_Bonus", "Day_09_Bonus\Day_09_Bonus.vcxproj", "{C9CBBE65-04E5-4E54-88D8-37B25D341C61}"
EndProject
Project("{8BC9CEB8-8B4A-11D0-8D11-00A0C91BC942}") = "Day_10", "Day_10\Day_10.vcxproj", "{C1DD91E1-7A8A-4931-9190-86EFA1B7F71B}"
EndProject
Project("{8BC9CEB8-8B4A-11D0-8D11-00A0C91BC942}") = "Day_10_Bonus", "Day_10_Bonus\Day_10_Bonus.vcxproj", "{1845FB4F-BC61-48D2-9A3C-E0A504E087E8}"
EndProject
Global
	GlobalSection(SolutionConfigurationPlatforms) = preSolution
		Debug|x64 = Debug|x64
		Debug|x86 = Debug|x86
		Release|x64 = Release|x64
		Release|x86 = Release|x86
	EndGlobalSection
	GlobalSection(ProjectConfigurationPlatforms) = postSolution
		{DC77925A-5A81-41C6-A101-C3C97A884687}.Debug|x64.ActiveCfg = Debug|x64
		{DC77925A-5A81-41C6-A101-C3C97A884687}.Debug|x64.Build.0 = Debug|x64
		{DC77925A-5A81-41C6-A101-C3C97A884687}.Debug|x86.ActiveCfg = Debug|Win32
		{DC77925A-5A81-41C6-A101-C3C97A884687}.Debug|x86.Build.0 = Debug|Win32
		{DC77925A-5A81-41C6-A101-C3C97A884687}.Release|x64.ActiveCfg = Release|x64
		{DC77925A-5A81-41C6-A101-C3C97A884687}.Release|x64.Build.0 = Release|x64
		{DC77925A-5A81-41C6-A101-C3C97A884687}.Release|x86.ActiveCfg = Release|Win32
		{DC77925A-5A81-41C6-A101-C3C97A884687}.Release|x86.Build.0 = Release|Win32
		{AC20E182-FFBF-4652-BFD2-1DA938B4AC4D}.Debug|x64.ActiveCfg = Debug|x64
		{AC20E182-FFBF-4652-BFD2-1DA938B4AC4D}.Debug|x64.Build.0 = Debug|x64
		{AC20E182-FFBF-4652-BFD2-1DA938B4AC4D}.Debug|x86.ActiveCfg = Debug|Win32
		{AC20E182-FFBF-4652-BFD2-1DA938B4AC4D}.Debug|x86.Build.0 = Debug|Win32
		{AC20E182-FFBF-4652-BFD2-1DA938B4AC4D}.Release|x64.ActiveCfg = Release|x64
		{AC20E182-FFBF-4652-BFD2-1DA938B4AC4D}.Release|x64.Build.0 = Release|x64
		{AC20E182-FFBF-4652-BFD2-1DA938B4AC4D}.Release|x86.ActiveCfg = Release|Win32
		{AC20E182-FFBF-4652-BFD2-1DA938B4AC4D}.Release|x86.Build.0 = Release|Win32
		{5908E163-54A1-4DD7-8DA9-2B0D1CC1730D}.Debug|x64.ActiveCfg = Debug|x64
		{5908E163-54A1-4DD7-8DA9-2B0D1CC1730D}.Debug|x64.Build.0 = Debug|x64
		{5908E163-54A1-4DD7-8DA9-2B0D1CC1730D}.Debug|x86.ActiveCfg = Debug|Win32
		{5908E163-54A1-4DD7-8DA9-2B0D1CC1730D}.Debug|x86.Build.0 = Debug|Win32
		{5908E163-54A1-4DD7-8DA9-2B0D1CC1730D}.Release|x64.ActiveCfg = Release|x64
		{5908E163-54A1-4DD7-8DA9-2B0D1CC1730D}.Release|x64.Build.0 = Release|x64
		{5908E163-54A1-4DD7-8DA9-2B0D1CC1730D}.Release|x86.ActiveCfg = Release|Win32
		{5908E163-54A1-4DD7-8DA9-2B0D1CC1730D}.Release|x86.Build.0 = Release|Win32
		{23B4CE27-5AD7-46AD-A8FC-7D6FCACA6937}.Debug|x64.ActiveCfg = Debug|x64
		{23B4CE27-5AD7-46AD-A8FC-7D6FCACA6937}.Debug|x64.Build.0 = Debug|x64
		{23B4CE27-5AD7-46AD-A8FC-7D6FCACA6937}.Debug|x86.ActiveCfg = Debug|Win32
		{23B4CE27-5AD7-46AD-A8FC-7D6FCACA6937}.Debug|x86.Build.0 = Debug|Win32
		{23B4CE27-5AD7-46AD-A8FC-7D6FCACA6937}.Release|x64.ActiveCfg = Release|x64
		{23B4CE27-5AD7-46AD-A8FC-7D6FCACA6937}.Release|x64.Build.0 = Release|x64
		{23B4CE27-5AD7-46AD-A8FC-7D6FCACA6937}.Release|x86.ActiveCfg = Release|Win32
		{23B4CE27-5AD7-46AD-A8FC-7D6FCACA6937}.Release|x86.Build.0 = Release|Win32
		{773418C9-1290-4E6F-A43D-5F7185CC5BC4}.Debug|x64.ActiveCfg = Debug|x64
		{773418C9-1290-4E6F-A43D-5F7185CC5BC4}.Debug|x64.Build.0 = Debug|x64
		{773418C9-1290-4E6F-A43D-5F7185CC5BC4}.Debug|x86.ActiveCfg = Debug|Win32
		{773418C9-1290-4E6F-A43D-5F7185CC5BC4}.Debug|x86.Build.0 = Debug|Win32
		{773418C9-1290-4E6F-A43D-5F7185CC5BC4}.Release|x64.ActiveCfg = Release|x64
		{773418C9-1290-4E6F-A43D-5F7185CC5BC4}.Release|x64.Build.0 = Release|x64
		{773418C9-1290-4E6F-A43D-5F7185CC5BC4}.Release|x86.ActiveCfg = Release|Win32
		{773418C9-1290-4E6F-A43D-5F7185CC5BC4}.Release|x86.Build.0 = Release|Win32
		{D3AA6E67-D84E-4A97-A1F6-E13E2172E186}.Debug|x64.ActiveCfg = Debug|x64
		{D3AA6E67-D84E-4A97-A1F6-E13E2172E186}.Debug|x64.Build.0 = Debug|x64
		{D3AA6E67-D84E-4A97-A1F6-E13E2172E186}.Debug|x86.ActiveCfg = Debug|Win32
		{D3AA6E67-D84E-4A97-A1F6-E13E2172E186}.Debug|x86.Build.0 = Debug|Win32
		{D3AA6E67-D84E-4A97-A1F6-E13E2172E186}.Release|x64.ActiveCfg = Release|x64
		{D3AA6E67-D84E-4A97-A1F6-E13E2172E186}.Release|x64.Build.0 = Release|x64
		{D3AA6E67-D84E-4A97-A1F6-E13E2172E186}.Release|x86.ActiveCfg = Release|Win32
		{D3AA6E67-D84E-4A97-A1F6-E13E2172E186}.Release|x86.Build.0 = Release|Win32
		{74AC77BC-221E-414D-BA9A-F875334E57B7}.Debug|x64.ActiveCfg = Debug|x64
		{74AC77BC-221E-414D-BA9A-F875334E57B7}.Debug|x64.Build.0 = Debug|x64
		{74AC77BC-221E-414D-BA9A-F875334E57B7}.Debug|x86.ActiveCfg = Debug|Win32
		{74AC77BC-221E-414D-BA9A-F875334E57B7}.Debug|x86.Build.0 = Debug|Win32
		{74AC77BC-221E-414D-BA9A-F875334E57B7}.Release|x64.ActiveCfg = Release|x64
		{74AC77BC-221E-414D-BA9A-F875334E57B7}.Release|x64.Build.0 = Release|x64
		{74AC77BC-221E-414D-BA9A-F875334E57B7}.Release|x86.ActiveCfg = Release|Win32
		{74AC77BC-221E-414D-BA9A-F875334E57B7}.Release|x86.Build.0 = Release|Win32
		{3496299F-0B01-4645-AFE2-3C59DB627F63}.Debug|x64.ActiveCfg = Debug|x64
		{3496299F-0B01-4645-AFE2-3C59DB627F63}.Debug|x64.Build.0 = Debug|x64
		{3496299F-0B01-4645-AFE2-3C59DB627F63}.Debug|x86.ActiveCfg = Debug|Win32
		{3496299F-0B01-4645-AFE2-3C59DB627F63}.Debug|x86.Build.0 = Debug|Win32
		{3496299F-0B01-4645-AFE2-3C59DB627F63}.Release|x64.ActiveCfg = Release|x64
		{3496299F-0B01-4645-AFE2-3C59DB627F63}.Release|x64.Build.0 = Release|x64
		{3496299F-0B01-4645-AFE2-3C59DB627F63}.Release|x86.ActiveCfg = Release|Win32
		{3496299F-0B01-4645-AFE2-3C59DB627F63}.Release|x86.Build.0 = Release|Win32
		{BF7084C1-9BD3-44A4-9E4D-88D2433618EA}.Debug|x64.ActiveCfg = Debug|x64
		{BF7084C1-9BD3-44A4-9E4D-88D2433618EA}.Debug|x64.Build.0 = Debug|x64
		{BF7084C1-9BD3-44A4-9E4D-88D2433618EA}.Debug|x86.ActiveCfg = Debug|Win32
		{BF7084C1-9BD3-44A4-9E4D-88D2433618EA}.Debug|x86.Build.0 = Debug|Win32
		{BF7084C1-9BD3-44A4-9E4D-88D2433618EA}.Release|x64.ActiveCfg = Release|x64
		{BF7084C1-9BD3-44A4-9E4D-88D2433618EA}.Release|x64.Build.0 = Release|x64
		{BF7084C1-9BD3-44A4-9E4D-88D2433618EA}.Release|x86.ActiveCfg = Release|Win32
		{BF7084C1-9BD3-44A4-9E4D-88D2433618EA}.Release|x86.Build.0 = Release|Win32
		{3E4D4A0F-1A4D-493A-B475-D8CA4D5B5C11}.Debug|x64.ActiveCfg = Debug|x64
		{3E4D4A0F-1A4D-493A-B475-D8CA4D5B5C11}.Debug|x64.Build.0 = Debug|x64
		{3E4D4A0F-1A4D-493A-B475-D8CA4D5B5C11}.Debug|x86.ActiveCfg = Debug|Win32
		{3E4D4A0F-1A4D-493A-B475-D8CA4D5B5C11}.Debug|x86.Build.0 = Debug|Win32
		{3E4D4A0F-1A4D-493A-B475-D8CA4D5B5C11}.Release|x64.ActiveCfg = Release|x64
		{3E4D4A0F-1A4D-493A-B475-D8CA4D5B5C11}.Release|x64.Build.0 = Release|x64
		{3E4D4A0F-1A4D-493A-B475-D8CA4D5B5C11}.Release|x86.ActiveCfg = Release|Win32
		{3E4D4A0F-1A4D-493A-B475-D8CA4D5B5C11}.Release|x86.Build.0 = Release|Win32
		{125BABD9-4692-40F5-954B-2729D5713E4A}.Debug|x64.ActiveCfg = Debug|x64
		{125BABD9-4692-40F5-954B-2729D5713E4A}.Debug|x64.Build.0 = Debug|x64
		{125BABD9-4692-40F5-954B-2729D5713E4A}.Debug|x86.ActiveCfg = Debug|Win32
		{125BABD9-4692-40F5-954B-2729D5713E4A}.Debug|x86.Build.0 = Debug|Win32
		{125BABD9-4692-40F5-954B-2729D5713E4A}.Release|x64.ActiveCfg = Release|x64
		{125BABD9-4692-40F5-954B-2729D5713E4A}.Release|x64.Build.0 = Release|x64
		{125BABD9-4692-40F5-954B-2729D5713E4A}.Release|x86.ActiveCfg = Release|Win32
		{125BABD9-4692-40F5-954B-2729D5713E4A}.Release|x86.Build.0 = Release|Win32
		{314E933F-7678-4CC2-AF38-B4D128E56A00}.Debug|x64.ActiveCfg = Debug|x64
		{314E933F-7678-4CC2-AF38-B4D128E56A00}.Debug|x64.Build.0 = Debug|x64
		{314E933F-7678-4CC2-AF38-B4D128E56A00}.Debug|x86.ActiveCfg = Debug|Win32
		{314E933F-7678-4CC2-AF38-B4D128E56A00}.Debug|x86.Build.0 = Debug|Win32
		{314E933F-7678-4CC2-AF38-B4D128E56A00}.Release|x64.ActiveCfg = Release|x64
		{314E933F-7678-4CC2-AF38-B4D128E56A00}.Release|x64.Build.0 = Release|x64
		{314E933F-7678-4CC2-AF38-B4D128E56A00}.Release|x86.ActiveCfg = Release|Win32
		{314E933F-7678-4CC2-AF38-B4D128E56A00}.Release|x86.Build.0 = Release|Win32
		{5B28E264-B0DD-4300-AD01-506B48ABAB46}.Debug|x64.ActiveCfg = Debug|x64
		{5B28E264-B0DD-4300-AD01-506B48ABAB46}.Debug|x64.Build.0 = Debug|x64
		{5B28E264-B0DD-4300-AD01-506B48ABAB46}.Debug|x86.ActiveCfg = Debug|Win32
		{5B28E264-B0DD-4300-AD01-506B48ABAB46}.Debug|x86.Build.0 = Debug|Win32
		{5B28E264-B0DD-4300-AD01-506B48ABAB46}.Release|x64.ActiveCfg = Release|x64
		{5B28E264-B0DD-4300-AD01-506B48ABAB46}.Release|x64.Build.0 = Release|x64
		{5B28E264-B0DD-4300-AD01-506B48ABAB46}.Release|x86.ActiveCfg = Release|Win32
		{5B28E264-B0DD-4300-AD01-506B48ABAB46}.Release|x86.Build.0 = Release|Win32
		{CFFE9D12-E2A0-443C-9FD6-44A9D1124D30}.Debug|x64.ActiveCfg = Debug|x64
		{CFFE9D12-E2A0-443C-9FD6-44A9D1124D30}.Debug|x64.Build.0 = Debug|x64
		{CFFE9D12-E2A0-443C-9FD6-44A9D1124D30}.Debug|x86.ActiveCfg = Debug|Win32
		{CFFE9D12-E2A0-443C-9FD6-44A9D1124D30}.Debug|x86.Build.0 = Debug|Win32
		{CFFE9D12-E2A0-443C-9FD6-44A9D1124D30}.Release|x64.ActiveCfg = Release|x64
		{CFFE9D12-E2A0-443C-9FD6-44A9D1124D30}.Release|x64.Build.0 = Release|x64
		{CFFE9D12-E2A0-443C-9FD6-44A9D1124D30}.Release|x86.ActiveCfg = Release|Win32
		{CFFE9D12-E2A0-443C-9FD6-44A9D1124D30}.Release|x86.Build.0 = Release|Win32
		{CDB199ED-5678-41F4-BDCF-29DE938AAD0A}.Debug|x64.ActiveCfg = Debug|x64
		{CDB199ED-5678-41F4-BDCF-29DE938AAD0A}.Debug|x64.Build.0 = Debug|x64
		{CDB199ED-5678-41F4-BDCF-29DE938AAD0A}.Debug|x86.ActiveCfg = Debug|Win32
		{CDB199ED-5678-41F4-BDCF-29DE938AAD0A}.Debug|x86.Build.0 = Debug|Win32
		{CDB199ED-5678-41F4-BDCF-29DE938AAD0A}.Release|x64.ActiveCfg = Release|x64
		{CDB199ED-5678-41F4-BDCF-29DE938AAD0A}.Release|x64.Build.0 = Release|x64
		{CDB199ED-5678-41F4-BDCF-29DE938AAD0A}.Release|x86.ActiveCfg = Release|Win32
		{CDB199ED-5678-41F4-BDCF-29DE938AAD0A}.Release|x86.Build.0 = Release|Win32
		{F5E371FB-848D-4B7A-9E9C-9CBC27BF8AD8}.Debug|x64.ActiveCfg = Debug|x64
		{F5E371FB-848D-4B7A-9E9C-9CBC27BF8AD8}.Debug|x64.Build.0 = Debug|x64
		{F5E371FB-848D-4B7A-9E9C-9CBC27BF8AD8}.Debug|x86.ActiveCfg = Debug|Win32
		{F5E371FB-848D-4B7A-9E9C-9CBC27BF8AD8}.Debug|x86.Build.0 = Debug|Win32
		{F5E371FB-848D-4B7A-9E9C-9CBC27BF8AD8}.Release|x64.ActiveCfg = Release|x64
		{F5E371FB-848D-4B7A-9E9C-9CBC27BF8AD8}.Release|x64.Build.0 = Release|x64
		{F5E371FB-848D-4B7A-9E9C-9CBC27BF8AD8}.Release|x86.ActiveCfg = Release|Win32
		{F5E371FB-848D-4B7A-9E9C-9CBC27BF8AD8}.Release|x86.Build.0 = Release|Win32
		{F860AABB-CEA5-4FD0-9B6B-2312C2856E6F}.Debug|x64.ActiveCfg = Debug|x64
		{F860AABB-CEA5-4FD0-9B6B-2312C2856E6F}.Debug|x64.Build.0 = Debug|x64
		{F860AABB-CEA5-4FD0-9B6B-2312C2856E6F}.Debug|x86.ActiveCfg = Debug|Win32
		{F860AABB-CEA5-4FD0-9B6B-2312C2856E6F}.Debug|x86.Build.0 = Debug|Win32
		{F860AABB-CEA5-4FD0-9B6B-2312C2856E6F}.Release|x64.ActiveCfg = Release|x64
		{F860AABB-CEA5-4FD0-9B6B-2312C2856E6F}.Release|x64.Build.0 = Release|x64
		{F860AABB-CEA5-4FD0-9B6B-2312C2856E6F}.Release|x86.ActiveCfg = Release|Win32
		{F860AABB-CEA5-4FD0-9B6B-2312C2856E6F}.Release|x86.Build.0 = Release|Win32
		{C9CBBE65-04E5-4E54-88D8-37B25D341C61}.Debug|x64.ActiveCfg = Debug|x64
		{C9CBBE65-04E5-4E54-88D8-37B25D341C61}.Debug|x64.Build.0 = Debug|x64
		{C9CBBE65-04E5-4E54-88D8-37B25D341C61}.Debug|x86.ActiveCfg = Debug|Win32
		{C9CBBE65-04E5-4E54-88D8-37B25D341C61}.Debug|x86.Build.0 = Debug|Win32
		{C9CBBE65-04E5-4E54-88D8-37B25D341C61}.Release|x64.ActiveCfg = Release|x64
		{C9CBBE65-04E5-4E54-88D8-37B25D341C61}.Release|x64.Build.0 = Release|x64
		{C9CBBE65-04E5-4E54-88D8-37B25D341C61}.Release|x86.ActiveCfg = Release|Win32
		{C9CBBE65-04E5-4E54-88D8-37B25D341C61}.Release|x86.Build.0 = Release|Win32
		{C1DD91E1-7A8A-4931-9190-86EFA1B7F71B}.Debug|x64.ActiveCfg = Debug|x64
		{C1DD91E1-7A8A-4931-9190-86EFA1B7F71B}.Debug|x64.Build.0 = Debug|x64
		{C1DD91E1-7A8A-4931-9190-86EFA1B7F71B}.Debug|x86.ActiveCfg = Debug|Win32
		{C1DD91E1-7A8A-4931-9190-86EFA1B7F71B}.Debug|x86.Build.0 = Debug|Win32
		{C1DD91E1-7A8A-4931-9190-86EFA1B7F71B}.Release|x64.ActiveCfg = Release|x64
		{C1DD91E1-7A8A-4931-9190-86EFA1B7F71B}.Release|x64.Build.0 = Release|x64
		{C1DD91E1-7A8A-4931-9190-86EFA1B7F71B}.Release|x86.ActiveCfg = Release|Win32
		{C1DD91E1-7A8A-4931-9190-86EFA1B7F71B}.Release|x86.Build.0 = Release|Win32
		{1845FB4F-BC61-48D2-9A3C-E0A504E087E8}.Debug|x64.ActiveCfg = Debug|x64
		{1845FB4F-BC61-48D2-9A3C-E0A504E087E8}.Debug|x64.Build.0 = Debug|x64
		{1845FB4F-BC61-48D2-9A3C-E0A504E087E8}.Debug|x86.ActiveCfg = Debug|Win32
		{1845FB4F-BC61-48D2-9A3C-E0A504E087E8}.Debug|x86.Build.0 = Debug|Win32
		{1845FB4F-BC61-48D2-9A3C-E0A504E087E8}.Release|x64.ActiveCfg = Release|x64
		{1845FB4F-BC61-48D2-9A3C-E0A504E087E8}.Release|x64.Build.0 = Release|x64
		{1845FB4F-BC61-48D2-9A3C-E0A504E087E8}.Release|x86.ActiveCfg = Release|Win32
		{1845FB4F-BC61-48D2-9A3C-E0A504E087E8}.Release|x86.Build.0 = Release|Win32
	EndGlobalSection
	GlobalSection(SolutionProperties) = preSolution
		HideSolutionNode = FALSE
	EndGlobalSection
	GlobalSection(ExtensibilityGlobals) = postSolution
		SolutionGuid = {E471E5C5-DCAF-490C-94FC-2575FB072070}
	EndGlobalSection
EndGlobal
